
Microsoft Visual Studio Solution File, Format Version 12.00
Project("{FAE04EC0-301F-11D3-BF4B-00C04F79EFBC}") = "Shashki_CS", "Shashki_CS.csproj", "{9ED3E1B6-AD4D-4485-926F-108A5C757785}"
EndProject
Global
	GlobalSection(SolutionConfigurationPlatforms) = preSolution
		Debug|Any CPU = Debug|Any CPU
		Release|Any CPU = Release|Any CPU
	EndGlobalSection
	GlobalSection(ProjectConfigurationPlatforms) = postSolution
		{9ED3E1B6-AD4D-4485-926F-108A5C757785}.Debug|Any CPU.ActiveCfg = Debug|Any CPU
		{9ED3E1B6-AD4D-4485-926F-108A5C757785}.Debug|Any CPU.Build.0 = Debug|Any CPU
		{9ED3E1B6-AD4D-4485-926F-108A5C757785}.Release|Any CPU.ActiveCfg = Release|Any CPU
		{9ED3E1B6-AD4D-4485-926F-108A5C757785}.Release|Any CPU.Build.0 = Release|Any CPU
	EndGlobalSection
EndGlobal
